// !$*UTF8*$!
{
	archiveVersion = 1;
	classes = {
	};
	objectVersion = 48;
	objects = {

/* Begin PBXBuildFile section */
		37CEDE681FDBBA5A00DE1C3D /* AppDelegate.swift in Sources */ = {isa = PBXBuildFile; fileRef = 37CEDE671FDBBA5A00DE1C3D /* AppDelegate.swift */; };
		37CEDE6A1FDBBA5A00DE1C3D /* ContactsViewController.swift in Sources */ = {isa = PBXBuildFile; fileRef = 37CEDE691FDBBA5A00DE1C3D /* ContactsViewController.swift */; };
		37CEDE6D1FDBBA5A00DE1C3D /* Main.storyboard in Resources */ = {isa = PBXBuildFile; fileRef = 37CEDE6B1FDBBA5A00DE1C3D /* Main.storyboard */; };
		37CEDE701FDBBA5B00DE1C3D /* ContactSearch.xcdatamodeld in Sources */ = {isa = PBXBuildFile; fileRef = 37CEDE6E1FDBBA5B00DE1C3D /* ContactSearch.xcdatamodeld */; };
		37CEDE721FDBBA5B00DE1C3D /* Assets.xcassets in Resources */ = {isa = PBXBuildFile; fileRef = 37CEDE711FDBBA5B00DE1C3D /* Assets.xcassets */; };
		37CEDE751FDBBA5B00DE1C3D /* LaunchScreen.storyboard in Resources */ = {isa = PBXBuildFile; fileRef = 37CEDE731FDBBA5B00DE1C3D /* LaunchScreen.storyboard */; };
		37CEDE821FDBBB3F00DE1C3D /* StoryboardID.swift in Sources */ = {isa = PBXBuildFile; fileRef = 37CEDE811FDBBB3F00DE1C3D /* StoryboardID.swift */; };
		37CEDE841FDBBB4E00DE1C3D /* AppTheme.swift in Sources */ = {isa = PBXBuildFile; fileRef = 37CEDE831FDBBB4E00DE1C3D /* AppTheme.swift */; };
		37CEDE861FDBBB5D00DE1C3D /* StringConstants.swift in Sources */ = {isa = PBXBuildFile; fileRef = 37CEDE851FDBBB5D00DE1C3D /* StringConstants.swift */; };
		37CEDE881FDBBB6F00DE1C3D /* Utility.swift in Sources */ = {isa = PBXBuildFile; fileRef = 37CEDE871FDBBB6F00DE1C3D /* Utility.swift */; };
		37CEDE8A1FDBBB7C00DE1C3D /* Protocols.swift in Sources */ = {isa = PBXBuildFile; fileRef = 37CEDE891FDBBB7C00DE1C3D /* Protocols.swift */; };
		37CEDE8C1FDBBBC100DE1C3D /* AddContactViewController.swift in Sources */ = {isa = PBXBuildFile; fileRef = 37CEDE8B1FDBBBC100DE1C3D /* AddContactViewController.swift */; };
		37CEDE8E1FDBBBC900DE1C3D /* DetailViewController.swift in Sources */ = {isa = PBXBuildFile; fileRef = 37CEDE8D1FDBBBC900DE1C3D /* DetailViewController.swift */; };
		37CEDE901FDBBBE300DE1C3D /* ContactListCell.swift in Sources */ = {isa = PBXBuildFile; fileRef = 37CEDE8F1FDBBBE300DE1C3D /* ContactListCell.swift */; };
		37CEDE921FDBBBF000DE1C3D /* ContactDetailCell.swift in Sources */ = {isa = PBXBuildFile; fileRef = 37CEDE911FDBBBF000DE1C3D /* ContactDetailCell.swift */; };
		37CEDE941FDBBC0600DE1C3D /* ContactImageCell.swift in Sources */ = {isa = PBXBuildFile; fileRef = 37CEDE931FDBBC0600DE1C3D /* ContactImageCell.swift */; };
/* End PBXBuildFile section */

/* Begin PBXFileReference section */
		37CEDE641FDBBA5A00DE1C3D /* ContactSearch.app */ = {isa = PBXFileReference; explicitFileType = wrapper.application; includeInIndex = 0; path = ContactSearch.app; sourceTree = BUILT_PRODUCTS_DIR; };
		37CEDE671FDBBA5A00DE1C3D /* AppDelegate.swift */ = {isa = PBXFileReference; lastKnownFileType = sourcecode.swift; path = AppDelegate.swift; sourceTree = "<group>"; };
		37CEDE691FDBBA5A00DE1C3D /* ContactsViewController.swift */ = {isa = PBXFileReference; lastKnownFileType = sourcecode.swift; path = ContactsViewController.swift; sourceTree = "<group>"; };
		37CEDE6C1FDBBA5A00DE1C3D /* Base */ = {isa = PBXFileReference; lastKnownFileType = file.storyboard; name = Base; path = Base.lproj/Main.storyboard; sourceTree = "<group>"; };
		37CEDE6F1FDBBA5B00DE1C3D /* ContactSearch.xcdatamodel */ = {isa = PBXFileReference; lastKnownFileType = wrapper.xcdatamodel; path = ContactSearch.xcdatamodel; sourceTree = "<group>"; };
		37CEDE711FDBBA5B00DE1C3D /* Assets.xcassets */ = {isa = PBXFileReference; lastKnownFileType = folder.assetcatalog; path = Assets.xcassets; sourceTree = "<group>"; };
		37CEDE741FDBBA5B00DE1C3D /* Base */ = {isa = PBXFileReference; lastKnownFileType = file.storyboard; name = Base; path = Base.lproj/LaunchScreen.storyboard; sourceTree = "<group>"; };
		37CEDE761FDBBA5B00DE1C3D /* Info.plist */ = {isa = PBXFileReference; lastKnownFileType = text.plist.xml; path = Info.plist; sourceTree = "<group>"; };
		37CEDE811FDBBB3F00DE1C3D /* StoryboardID.swift */ = {isa = PBXFileReference; lastKnownFileType = sourcecode.swift; path = StoryboardID.swift; sourceTree = "<group>"; };
		37CEDE831FDBBB4E00DE1C3D /* AppTheme.swift */ = {isa = PBXFileReference; lastKnownFileType = sourcecode.swift; path = AppTheme.swift; sourceTree = "<group>"; };
		37CEDE851FDBBB5D00DE1C3D /* StringConstants.swift */ = {isa = PBXFileReference; lastKnownFileType = sourcecode.swift; path = StringConstants.swift; sourceTree = "<group>"; };
		37CEDE871FDBBB6F00DE1C3D /* Utility.swift */ = {isa = PBXFileReference; lastKnownFileType = sourcecode.swift; path = Utility.swift; sourceTree = "<group>"; };
		37CEDE891FDBBB7C00DE1C3D /* Protocols.swift */ = {isa = PBXFileReference; lastKnownFileType = sourcecode.swift; path = Protocols.swift; sourceTree = "<group>"; };
		37CEDE8B1FDBBBC100DE1C3D /* AddContactViewController.swift */ = {isa = PBXFileReference; lastKnownFileType = sourcecode.swift; path = AddContactViewController.swift; sourceTree = "<group>"; };
		37CEDE8D1FDBBBC900DE1C3D /* DetailViewController.swift */ = {isa = PBXFileReference; lastKnownFileType = sourcecode.swift; path = DetailViewController.swift; sourceTree = "<group>"; };
		37CEDE8F1FDBBBE300DE1C3D /* ContactListCell.swift */ = {isa = PBXFileReference; lastKnownFileType = sourcecode.swift; path = ContactListCell.swift; sourceTree = "<group>"; };
		37CEDE911FDBBBF000DE1C3D /* ContactDetailCell.swift */ = {isa = PBXFileReference; lastKnownFileType = sourcecode.swift; path = ContactDetailCell.swift; sourceTree = "<group>"; };
		37CEDE931FDBBC0600DE1C3D /* ContactImageCell.swift */ = {isa = PBXFileReference; lastKnownFileType = sourcecode.swift; path = ContactImageCell.swift; sourceTree = "<group>"; };
/* End PBXFileReference section */

/* Begin PBXFrameworksBuildPhase section */
		37CEDE611FDBBA5A00DE1C3D /* Frameworks */ = {
			isa = PBXFrameworksBuildPhase;
			buildActionMask = 2147483647;
			files = (
			);
			runOnlyForDeploymentPostprocessing = 0;
		};
/* End PBXFrameworksBuildPhase section */

/* Begin PBXGroup section */
		37CEDE5B1FDBBA5A00DE1C3D = {
			isa = PBXGroup;
			children = (
				37CEDE661FDBBA5A00DE1C3D /* ContactSearch */,
				37CEDE651FDBBA5A00DE1C3D /* Products */,
			);
			sourceTree = "<group>";
		};
		37CEDE651FDBBA5A00DE1C3D /* Products */ = {
			isa = PBXGroup;
			children = (
				37CEDE641FDBBA5A00DE1C3D /* ContactSearch.app */,
			);
			name = Products;
			sourceTree = "<group>";
		};
		37CEDE661FDBBA5A00DE1C3D /* ContactSearch */ = {
			isa = PBXGroup;
			children = (
				37CEDE801FDBBB2A00DE1C3D /* Constants */,
				37CEDE7F1FDBBB1D00DE1C3D /* CustomCells */,
				37CEDE7E1FDBBB1000DE1C3D /* Helpers */,
				37CEDE7D1FDBBAFF00DE1C3D /* Models */,
				37CEDE7C1FDBBAF800DE1C3D /* Controllers */,
				37CEDE671FDBBA5A00DE1C3D /* AppDelegate.swift */,
				37CEDE6B1FDBBA5A00DE1C3D /* Main.storyboard */,
				37CEDE711FDBBA5B00DE1C3D /* Assets.xcassets */,
				37CEDE731FDBBA5B00DE1C3D /* LaunchScreen.storyboard */,
				37CEDE761FDBBA5B00DE1C3D /* Info.plist */,
				37CEDE6E1FDBBA5B00DE1C3D /* ContactSearch.xcdatamodeld */,
			);
			path = ContactSearch;
			sourceTree = "<group>";
		};
		37CEDE7C1FDBBAF800DE1C3D /* Controllers */ = {
			isa = PBXGroup;
			children = (
				37CEDE691FDBBA5A00DE1C3D /* ContactsViewController.swift */,
				37CEDE8B1FDBBBC100DE1C3D /* AddContactViewController.swift */,
				37CEDE8D1FDBBBC900DE1C3D /* DetailViewController.swift */,
			);
			path = Controllers;
			sourceTree = "<group>";
		};
		37CEDE7D1FDBBAFF00DE1C3D /* Models */ = {
			isa = PBXGroup;
			children = (
			);
			path = Models;
			sourceTree = "<group>";
		};
		37CEDE7E1FDBBB1000DE1C3D /* Helpers */ = {
			isa = PBXGroup;
			children = (
				37CEDE871FDBBB6F00DE1C3D /* Utility.swift */,
				37CEDE891FDBBB7C00DE1C3D /* Protocols.swift */,
			);
			path = Helpers;
			sourceTree = "<group>";
		};
		37CEDE7F1FDBBB1D00DE1C3D /* CustomCells */ = {
			isa = PBXGroup;
			children = (
				37CEDE8F1FDBBBE300DE1C3D /* ContactListCell.swift */,
				37CEDE911FDBBBF000DE1C3D /* ContactDetailCell.swift */,
				37CEDE931FDBBC0600DE1C3D /* ContactImageCell.swift */,
			);
			path = CustomCells;
			sourceTree = "<group>";
		};
		37CEDE801FDBBB2A00DE1C3D /* Constants */ = {
			isa = PBXGroup;
			children = (
				37CEDE811FDBBB3F00DE1C3D /* StoryboardID.swift */,
				37CEDE831FDBBB4E00DE1C3D /* AppTheme.swift */,
				37CEDE851FDBBB5D00DE1C3D /* StringConstants.swift */,
			);
			path = Constants;
			sourceTree = "<group>";
		};
/* End PBXGroup section */

/* Begin PBXNativeTarget section */
		37CEDE631FDBBA5A00DE1C3D /* ContactSearch */ = {
			isa = PBXNativeTarget;
			buildConfigurationList = 37CEDE791FDBBA5B00DE1C3D /* Build configuration list for PBXNativeTarget "ContactSearch" */;
			buildPhases = (
				37CEDE601FDBBA5A00DE1C3D /* Sources */,
				37CEDE611FDBBA5A00DE1C3D /* Frameworks */,
				37CEDE621FDBBA5A00DE1C3D /* Resources */,
			);
			buildRules = (
			);
			dependencies = (
			);
			name = ContactSearch;
			productName = ContactSearch;
			productReference = 37CEDE641FDBBA5A00DE1C3D /* ContactSearch.app */;
			productType = "com.apple.product-type.application";
		};
/* End PBXNativeTarget section */

/* Begin PBXProject section */
		37CEDE5C1FDBBA5A00DE1C3D /* Project object */ = {
			isa = PBXProject;
			attributes = {
				LastSwiftUpdateCheck = 0900;
				LastUpgradeCheck = 0900;
				ORGANIZATIONNAME = vrat28;
				TargetAttributes = {
					37CEDE631FDBBA5A00DE1C3D = {
						CreatedOnToolsVersion = 9.0;
						ProvisioningStyle = Automatic;
					};
				};
			};
			buildConfigurationList = 37CEDE5F1FDBBA5A00DE1C3D /* Build configuration list for PBXProject "ContactSearch" */;
			compatibilityVersion = "Xcode 8.0";
			developmentRegion = en;
			hasScannedForEncodings = 0;
			knownRegions = (
				en,
				Base,
			);
			mainGroup = 37CEDE5B1FDBBA5A00DE1C3D;
			productRefGroup = 37CEDE651FDBBA5A00DE1C3D /* Products */;
			projectDirPath = "";
			projectRoot = "";
			targets = (
				37CEDE631FDBBA5A00DE1C3D /* ContactSearch */,
			);
		};
/* End PBXProject section */

/* Begin PBXResourcesBuildPhase section */
		37CEDE621FDBBA5A00DE1C3D /* Resources */ = {
			isa = PBXResourcesBuildPhase;
			buildActionMask = 2147483647;
			files = (
				37CEDE751FDBBA5B00DE1C3D /* LaunchScreen.storyboard in Resources */,
				37CEDE721FDBBA5B00DE1C3D /* Assets.xcassets in Resources */,
				37CEDE6D1FDBBA5A00DE1C3D /* Main.storyboard in Resources */,
			);
			runOnlyForDeploymentPostprocessing = 0;
		};
/* End PBXResourcesBuildPhase section */

/* Begin PBXSourcesBuildPhase section */
		37CEDE601FDBBA5A00DE1C3D /* Sources */ = {
			isa = PBXSourcesBuildPhase;
			buildActionMask = 2147483647;
			files = (
				37CEDE881FDBBB6F00DE1C3D /* Utility.swift in Sources */,
				37CEDE6A1FDBBA5A00DE1C3D /* ContactsViewController.swift in Sources */,
				37CEDE701FDBBA5B00DE1C3D /* ContactSearch.xcdatamodeld in Sources */,
				37CEDE8C1FDBBBC100DE1C3D /* AddContactViewController.swift in Sources */,
				37CEDE901FDBBBE300DE1C3D /* ContactListCell.swift in Sources */,
				37CEDE921FDBBBF000DE1C3D /* ContactDetailCell.swift in Sources */,
				37CEDE861FDBBB5D00DE1C3D /* StringConstants.swift in Sources */,
				37CEDE681FDBBA5A00DE1C3D /* AppDelegate.swift in Sources */,
				37CEDE821FDBBB3F00DE1C3D /* StoryboardID.swift in Sources */,
				37CEDE8E1FDBBBC900DE1C3D /* DetailViewController.swift in Sources */,
				37CEDE941FDBBC0600DE1C3D /* ContactImageCell.swift in Sources */,
				37CEDE841FDBBB4E00DE1C3D /* AppTheme.swift in Sources */,
				37CEDE8A1FDBBB7C00DE1C3D /* Protocols.swift in Sources */,
			);
			runOnlyForDeploymentPostprocessing = 0;
		};
/* End PBXSourcesBuildPhase section */

/* Begin PBXVariantGroup section */
		37CEDE6B1FDBBA5A00DE1C3D /* Main.storyboard */ = {
			isa = PBXVariantGroup;
			children = (
				37CEDE6C1FDBBA5A00DE1C3D /* Base */,
			);
			name = Main.storyboard;
			sourceTree = "<group>";
		};
		37CEDE731FDBBA5B00DE1C3D /* LaunchScreen.storyboard */ = {
			isa = PBXVariantGroup;
			children = (
				37CEDE741FDBBA5B00DE1C3D /* Base */,
			);
			name = LaunchScreen.storyboard;
			sourceTree = "<group>";
		};
/* End PBXVariantGroup section */

/* Begin XCBuildConfiguration section */
		37CEDE771FDBBA5B00DE1C3D /* Debug */ = {
			isa = XCBuildConfiguration;
			buildSettings = {
				ALWAYS_SEARCH_USER_PATHS = NO;
				CLANG_ANALYZER_NONNULL = YES;
				CLANG_ANALYZER_NUMBER_OBJECT_CONVERSION = YES_AGGRESSIVE;
				CLANG_CXX_LANGUAGE_STANDARD = "gnu++14";
				CLANG_CXX_LIBRARY = "libc++";
				CLANG_ENABLE_MODULES = YES;
				CLANG_ENABLE_OBJC_ARC = YES;
				CLANG_WARN_BLOCK_CAPTURE_AUTORELEASING = YES;
				CLANG_WARN_BOOL_CONVERSION = YES;
				CLANG_WARN_COMMA = YES;
				CLANG_WARN_CONSTANT_CONVERSION = YES;
				CLANG_WARN_DIRECT_OBJC_ISA_USAGE = YES_ERROR;
				CLANG_WARN_DOCUMENTATION_COMMENTS = YES;
				CLANG_WARN_EMPTY_BODY = YES;
				CLANG_WARN_ENUM_CONVERSION = YES;
				CLANG_WARN_INFINITE_RECURSION = YES;
				CLANG_WARN_INT_CONVERSION = YES;
				CLANG_WARN_NON_LITERAL_NULL_CONVERSION = YES;
				CLANG_WARN_OBJC_LITERAL_CONVERSION = YES;
				CLANG_WARN_OBJC_ROOT_CLASS = YES_ERROR;
				CLANG_WARN_RANGE_LOOP_ANALYSIS = YES;
				CLANG_WARN_STRICT_PROTOTYPES = YES;
				CLANG_WARN_SUSPICIOUS_MOVE = YES;
				CLANG_WARN_UNGUARDED_AVAILABILITY = YES_AGGRESSIVE;
				CLANG_WARN_UNREACHABLE_CODE = YES;
				CLANG_WARN__DUPLICATE_METHOD_MATCH = YES;
				CODE_SIGN_IDENTITY = "iPhone Developer";
				COPY_PHASE_STRIP = NO;
				DEBUG_INFORMATION_FORMAT = dwarf;
				ENABLE_STRICT_OBJC_MSGSEND = YES;
				ENABLE_TESTABILITY = YES;
				GCC_C_LANGUAGE_STANDARD = gnu11;
				GCC_DYNAMIC_NO_PIC = NO;
				GCC_NO_COMMON_BLOCKS = YES;
				GCC_OPTIMIZATION_LEVEL = 0;
				GCC_PREPROCESSOR_DEFINITIONS = (
					"DEBUG=1",
					"$(inherited)",
				);
				GCC_WARN_64_TO_32_BIT_CONVERSION = YES;
				GCC_WARN_ABOUT_RETURN_TYPE = YES_ERROR;
				GCC_WARN_UNDECLARED_SELECTOR = YES;
				GCC_WARN_UNINITIALIZED_AUTOS = YES_AGGRESSIVE;
				GCC_WARN_UNUSED_FUNCTION = YES;
				GCC_WARN_UNUSED_VARIABLE = YES;
				IPHONEOS_DEPLOYMENT_TARGET = 11.0;
				MTL_ENABLE_DEBUG_INFO = YES;
				ONLY_ACTIVE_ARCH = YES;
				SDKROOT = iphoneos;
				SWIFT_ACTIVE_COMPILATION_CONDITIONS = DEBUG;
				SWIFT_OPTIMIZATION_LEVEL = "-Onone";
			};
			name = Debug;
		};
		37CEDE781FDBBA5B00DE1C3D /* Release */ = {
			isa = XCBuildConfiguration;
			buildSettings = {
				ALWAYS_SEARCH_USER_PATHS = NO;
				CLANG_ANALYZER_NONNULL = YES;
				CLANG_ANALYZER_NUMBER_OBJECT_CONVERSION = YES_AGGRESSIVE;
				CLANG_CXX_LANGUAGE_STANDARD = "gnu++14";
				CLANG_CXX_LIBRARY = "libc++";
				CLANG_ENABLE_MODULES = YES;
				CLANG_ENABLE_OBJC_ARC = YES;
				CLANG_WARN_BLOCK_CAPTURE_AUTORELEASING = YES;
				CLANG_WARN_BOOL_CONVERSION = YES;
				CLANG_WARN_COMMA = YES;
				CLANG_WARN_CONSTANT_CONVERSION = YES;
				CLANG_WARN_DIRECT_OBJC_ISA_USAGE = YES_ERROR;
				CLANG_WARN_DOCUMENTATION_COMMENTS = YES;
				CLANG_WARN_EMPTY_BODY = YES;
				CLANG_WARN_ENUM_CONVERSION = YES;
				CLANG_WARN_INFINITE_RECURSION = YES;
				CLANG_WARN_INT_CONVERSION = YES;
				CLANG_WARN_NON_LITERAL_NULL_CONVERSION = YES;
				CLANG_WARN_OBJC_LITERAL_CONVERSION = YES;
				CLANG_WARN_OBJC_ROOT_CLASS = YES_ERROR;
				CLANG_WARN_RANGE_LOOP_ANALYSIS = YES;
				CLANG_WARN_STRICT_PROTOTYPES = YES;
				CLANG_WARN_SUSPICIOUS_MOVE = YES;
				CLANG_WARN_UNGUARDED_AVAILABILITY = YES_AGGRESSIVE;
				CLANG_WARN_UNREACHABLE_CODE = YES;
				CLANG_WARN__DUPLICATE_METHOD_MATCH = YES;
				CODE_SIGN_IDENTITY = "iPhone Developer";
				COPY_PHASE_STRIP = NO;
				DEBUG_INFORMATION_FORMAT = "dwarf-with-dsym";
				ENABLE_NS_ASSERTIONS = NO;
				ENABLE_STRICT_OBJC_MSGSEND = YES;
				GCC_C_LANGUAGE_STANDARD = gnu11;
				GCC_NO_COMMON_BLOCKS = YES;
				GCC_WARN_64_TO_32_BIT_CONVERSION = YES;
				GCC_WARN_ABOUT_RETURN_TYPE = YES_ERROR;
				GCC_WARN_UNDECLARED_SELECTOR = YES;
				GCC_WARN_UNINITIALIZED_AUTOS = YES_AGGRESSIVE;
				GCC_WARN_UNUSED_FUNCTION = YES;
				GCC_WARN_UNUSED_VARIABLE = YES;
				IPHONEOS_DEPLOYMENT_TARGET = 11.0;
				MTL_ENABLE_DEBUG_INFO = NO;
				SDKROOT = iphoneos;
				SWIFT_OPTIMIZATION_LEVEL = "-Owholemodule";
				VALIDATE_PRODUCT = YES;
			};
			name = Release;
		};
		37CEDE7A1FDBBA5B00DE1C3D /* Debug */ = {
			isa = XCBuildConfiguration;
			buildSettings = {
				ASSETCATALOG_COMPILER_APPICON_NAME = AppIcon;
				CODE_SIGN_STYLE = Automatic;
				DEVELOPMENT_TEAM = 5XUW2EJ8TL;
				INFOPLIST_FILE = ContactSearch/Info.plist;
				LD_RUNPATH_SEARCH_PATHS = "$(inherited) @executable_path/Frameworks";
				PRODUCT_BUNDLE_IDENTIFIER = com.vrat28.ContactSearch;
				PRODUCT_NAME = "$(TARGET_NAME)";
				SWIFT_VERSION = 4.0;
				TARGETED_DEVICE_FAMILY = "1,2";
			};
			name = Debug;
		};
		37CEDE7B1FDBBA5B00DE1C3D /* Release */ = {
			isa = XCBuildConfiguration;
			buildSettings = {
				ASSETCATALOG_COMPILER_APPICON_NAME = AppIcon;
				CODE_SIGN_STYLE = Automatic;
				DEVELOPMENT_TEAM = 5XUW2EJ8TL;
				INFOPLIST_FILE = ContactSearch/Info.plist;
				LD_RUNPATH_SEARCH_PATHS = "$(inherited) @executable_path/Frameworks";
				PRODUCT_BUNDLE_IDENTIFIER = com.vrat28.ContactSearch;
				PRODUCT_NAME = "$(TARGET_NAME)";
				SWIFT_VERSION = 4.0;
				TARGETED_DEVICE_FAMILY = "1,2";
			};
			name = Release;
		};
/* End XCBuildConfiguration section */

/* Begin XCConfigurationList section */
		37CEDE5F1FDBBA5A00DE1C3D /* Build configuration list for PBXProject "ContactSearch" */ = {
			isa = XCConfigurationList;
			buildConfigurations = (
				37CEDE771FDBBA5B00DE1C3D /* Debug */,
				37CEDE781FDBBA5B00DE1C3D /* Release */,
			);
			defaultConfigurationIsVisible = 0;
			defaultConfigurationName = Release;
		};
		37CEDE791FDBBA5B00DE1C3D /* Build configuration list for PBXNativeTarget "ContactSearch" */ = {
			isa = XCConfigurationList;
			buildConfigurations = (
				37CEDE7A1FDBBA5B00DE1C3D /* Debug */,
				37CEDE7B1FDBBA5B00DE1C3D /* Release */,
			);
			defaultConfigurationIsVisible = 0;
			defaultConfigurationName = Release;
		};
/* End XCConfigurationList section */

/* Begin XCVersionGroup section */
		37CEDE6E1FDBBA5B00DE1C3D /* ContactSearch.xcdatamodeld */ = {
			isa = XCVersionGroup;
			children = (
				37CEDE6F1FDBBA5B00DE1C3D /* ContactSearch.xcdatamodel */,
			);
			currentVersion = 37CEDE6F1FDBBA5B00DE1C3D /* ContactSearch.xcdatamodel */;
			path = ContactSearch.xcdatamodeld;
			sourceTree = "<group>";
			versionGroupType = wrapper.xcdatamodel;
		};
/* End XCVersionGroup section */
	};
	rootObject = 37CEDE5C1FDBBA5A00DE1C3D /* Project object */;
}
